
Microsoft Visual Studio Solution File, Format Version 12.00
# Visual Studio Version 16
VisualStudioVersion = 25.0.1706.0
MinimumVisualStudioVersion = 10.0.40219.1
Project("{FAE04EC0-301F-11D3-BF4B-00C04F79EFBC}") = "BuilderDesignPattern", "BuilderDesignPattern\BuilderDesignPattern.csproj", "{6FA5707C-2CC8-49E6-8948-39F230AF49C7}"
EndProject
Global
	GlobalSection(SolutionConfigurationPlatforms) = preSolution
		Debug|Any CPU = Debug|Any CPU
		Release|Any CPU = Release|Any CPU
	EndGlobalSection
	GlobalSection(ProjectConfigurationPlatforms) = postSolution
		{6FA5707C-2CC8-49E6-8948-39F230AF49C7}.Debug|Any CPU.ActiveCfg = Debug|Any CPU
		{6FA5707C-2CC8-49E6-8948-39F230AF49C7}.Debug|Any CPU.Build.0 = Debug|Any CPU
		{6FA5707C-2CC8-49E6-8948-39F230AF49C7}.Release|Any CPU.ActiveCfg = Release|Any CPU
		{6FA5707C-2CC8-49E6-8948-39F230AF49C7}.Release|Any CPU.Build.0 = Release|Any CPU
	EndGlobalSection
	GlobalSection(SolutionProperties) = preSolution
		HideSolutionNode = FALSE
	EndGlobalSection
	GlobalSection(ExtensibilityGlobals) = postSolution
		SolutionGuid = {A35C9A0A-EACD-4D38-B297-7B9E3C4D4761}
	EndGlobalSection
EndGlobal
